
Microsoft Visual Studio Solution File, Format Version 12.00
# Visual Studio 2012
Project("{FAE04EC0-301F-11D3-BF4B-00C04F79EFBC}") = "EWeb", "EWeb\EWeb.csproj", "{710A2B8C-6199-4703-8209-C5F419434EA8}"
EndProject
Project("{FAE04EC0-301F-11D3-BF4B-00C04F79EFBC}") = "DBUtils", "DBUtils\DBUtils.csproj", "{8DDB88E4-EDED-4C85-9008-1D35F91C2352}"
EndProject
Project("{FAE04EC0-301F-11D3-BF4B-00C04F79EFBC}") = "Dal", "Dal\Dal.csproj", "{52E7D72F-500D-4621-94D7-27970C8757A6}"
EndProject
Project("{FAE04EC0-301F-11D3-BF4B-00C04F79EFBC}") = "Model", "Model\Model.csproj", "{3B9B427C-1116-4A4A-B7DC-3677833BC193}"
EndProject
Project("{FAE04EC0-301F-11D3-BF4B-00C04F79EFBC}") = "Tools", "Tools2\Tools.csproj", "{7B0AC1AD-EA37-4ADF-8BD5-6FDE7E5096BF}"
EndProject
Project("{FAE04EC0-301F-11D3-BF4B-00C04F79EFBC}") = "Service", "Service\Service.csproj", "{B0D0CFF7-C355-4EE0-9A4B-5D66BF69818E}"
EndProject
Global
	GlobalSection(SolutionConfigurationPlatforms) = preSolution
		Debug|Any CPU = Debug|Any CPU
		Release|Any CPU = Release|Any CPU
	EndGlobalSection
	GlobalSection(ProjectConfigurationPlatforms) = postSolution
		{710A2B8C-6199-4703-8209-C5F419434EA8}.Debug|Any CPU.ActiveCfg = Debug|Any CPU
		{710A2B8C-6199-4703-8209-C5F419434EA8}.Debug|Any CPU.Build.0 = Debug|Any CPU
		{710A2B8C-6199-4703-8209-C5F419434EA8}.Release|Any CPU.ActiveCfg = Release|Any CPU
		{710A2B8C-6199-4703-8209-C5F419434EA8}.Release|Any CPU.Build.0 = Release|Any CPU
		{8DDB88E4-EDED-4C85-9008-1D35F91C2352}.Debug|Any CPU.ActiveCfg = Debug|Any CPU
		{8DDB88E4-EDED-4C85-9008-1D35F91C2352}.Debug|Any CPU.Build.0 = Debug|Any CPU
		{8DDB88E4-EDED-4C85-9008-1D35F91C2352}.Release|Any CPU.ActiveCfg = Release|Any CPU
		{8DDB88E4-EDED-4C85-9008-1D35F91C2352}.Release|Any CPU.Build.0 = Release|Any CPU
		{52E7D72F-500D-4621-94D7-27970C8757A6}.Debug|Any CPU.ActiveCfg = Debug|Any CPU
		{52E7D72F-500D-4621-94D7-27970C8757A6}.Debug|Any CPU.Build.0 = Debug|Any CPU
		{52E7D72F-500D-4621-94D7-27970C8757A6}.Release|Any CPU.ActiveCfg = Release|Any CPU
		{52E7D72F-500D-4621-94D7-27970C8757A6}.Release|Any CPU.Build.0 = Release|Any CPU
		{3B9B427C-1116-4A4A-B7DC-3677833BC193}.Debug|Any CPU.ActiveCfg = Debug|Any CPU
		{3B9B427C-1116-4A4A-B7DC-3677833BC193}.Debug|Any CPU.Build.0 = Debug|Any CPU
		{3B9B427C-1116-4A4A-B7DC-3677833BC193}.Release|Any CPU.ActiveCfg = Release|Any CPU
		{3B9B427C-1116-4A4A-B7DC-3677833BC193}.Release|Any CPU.Build.0 = Release|Any CPU
		{7B0AC1AD-EA37-4ADF-8BD5-6FDE7E5096BF}.Debug|Any CPU.ActiveCfg = Debug|Any CPU
		{7B0AC1AD-EA37-4ADF-8BD5-6FDE7E5096BF}.Debug|Any CPU.Build.0 = Debug|Any CPU
		{7B0AC1AD-EA37-4ADF-8BD5-6FDE7E5096BF}.Release|Any CPU.ActiveCfg = Release|Any CPU
		{7B0AC1AD-EA37-4ADF-8BD5-6FDE7E5096BF}.Release|Any CPU.Build.0 = Release|Any CPU
		{B0D0CFF7-C355-4EE0-9A4B-5D66BF69818E}.Debug|Any CPU.ActiveCfg = Debug|Any CPU
		{B0D0CFF7-C355-4EE0-9A4B-5D66BF69818E}.Debug|Any CPU.Build.0 = Debug|Any CPU
		{B0D0CFF7-C355-4EE0-9A4B-5D66BF69818E}.Release|Any CPU.ActiveCfg = Release|Any CPU
		{B0D0CFF7-C355-4EE0-9A4B-5D66BF69818E}.Release|Any CPU.Build.0 = Release|Any CPU
	EndGlobalSection
	GlobalSection(SolutionProperties) = preSolution
		HideSolutionNode = FALSE
	EndGlobalSection
EndGlobal
